
Microsoft Visual Studio Solution File, Format Version 12.00
# Visual Studio 15
VisualStudioVersion = 15.0.28307.329
MinimumVisualStudioVersion = 10.0.40219.1
Project("{9A19103F-16F7-4668-BE54-9A1E7A4F7556}") = "wedding", "wedding\wedding.csproj", "{7FD2B10B-BE67-41EE-A504-1424C74B4FBA}"
EndProject
Global
	GlobalSection(SolutionConfigurationPlatforms) = preSolution
		Debug|Any CPU = Debug|Any CPU
		Release|Any CPU = Release|Any CPU
	EndGlobalSection
	GlobalSection(ProjectConfigurationPlatforms) = postSolution
		{7FD2B10B-BE67-41EE-A504-1424C74B4FBA}.Debug|Any CPU.ActiveCfg = Debug|Any CPU
		{7FD2B10B-BE67-41EE-A504-1424C74B4FBA}.Debug|Any CPU.Build.0 = Debug|Any CPU
		{7FD2B10B-BE67-41EE-A504-1424C74B4FBA}.Release|Any CPU.ActiveCfg = Release|Any CPU
		{7FD2B10B-BE67-41EE-A504-1424C74B4FBA}.Release|Any CPU.Build.0 = Release|Any CPU
	EndGlobalSection
	GlobalSection(SolutionProperties) = preSolution
		HideSolutionNode = FALSE
	EndGlobalSection
	GlobalSection(ExtensibilityGlobals) = postSolution
		SolutionGuid = {3D08C08A-6143-44B8-B5B0-9BBF01832A58}
	EndGlobalSection
EndGlobal
